{
  "version": 4,
  "terraform_version": "1.4.2",
  "serial": 1,
  "lineage": "ddd05c35-542c-be1c-2a1c-7605f81df198",
  "outputs": {},
  "resources": [
    {
      "mode": "managed",
      "type": "github_repository",
      "name": "terraform",
      "provider": "provider[\"registry.terraform.io/hashicorp/github\"]",
      "instances": [
        {
          "schema_version": 1,
          "attributes": {
            "allow_auto_merge": false,
            "allow_merge_commit": true,
            "allow_rebase_merge": true,
            "allow_squash_merge": true,
            "allow_update_branch": false,
            "archive_on_destroy": null,
            "archived": false,
            "auto_init": null,
            "default_branch": "main",
            "delete_branch_on_merge": false,
            "description": "An terraform repository created with Terraform",
            "etag": "W/\"38d2c4115a76f55a3ab6d6a8dab4c3dfb0aab3743d2ef873e9b2315dfe59bf11\"",
            "full_name": "yeddulaswetha/terraform-repo",
            "git_clone_url": "git://github.com/yeddulaswetha/terraform-repo.git",
            "gitignore_template": null,
            "has_discussions": false,
            "has_downloads": false,
            "has_issues": false,
            "has_projects": false,
            "has_wiki": false,
            "homepage_url": "",
            "html_url": "https://github.com/yeddulaswetha/terraform-repo",
            "http_clone_url": "https://github.com/yeddulaswetha/terraform-repo.git",
            "id": "terraform-repo",
            "ignore_vulnerability_alerts_during_read": null,
            "is_template": false,
            "license_template": null,
            "merge_commit_message": "PR_TITLE",
            "merge_commit_title": "MERGE_MESSAGE",
            "name": "terraform-repo",
            "node_id": "R_kgDOJSdvtw",
            "pages": [],
            "private": false,
            "repo_id": 623341495,
            "security_and_analysis": [
              {
                "advanced_security": [],
                "secret_scanning": [
                  {
                    "status": "disabled"
                  }
                ],
                "secret_scanning_push_protection": [
                  {
                    "status": "disabled"
                  }
                ]
              }
            ],
            "squash_merge_commit_message": "COMMIT_MESSAGES",
            "squash_merge_commit_title": "COMMIT_OR_PR_TITLE",
            "ssh_clone_url": "git@github.com:yeddulaswetha/terraform-repo.git",
            "svn_url": "https://github.com/yeddulaswetha/terraform-repo",
            "template": [],
            "topics": null,
            "visibility": "public",
            "vulnerability_alerts": false
          },
          "sensitive_attributes": [],
          "private": "eyJzY2hlbWFfdmVyc2lvbiI6IjEifQ=="
        }
      ]
    }
  ],
  "check_results": null
}
